
Microsoft Visual Studio Solution File, Format Version 12.00
# Visual Studio Version 16
VisualStudioVersion = 16.0.30523.141
MinimumVisualStudioVersion = 10.0.40219.1
Project("{FAE04EC0-301F-11D3-BF4B-00C04F79EFBC}") = "02.Cars", "02.Cars\02.Cars.csproj", "{33936DE3-39B9-41F5-B912-93645EE7EABA}"
EndProject
Global
	GlobalSection(SolutionConfigurationPlatforms) = preSolution
		Debug|Any CPU = Debug|Any CPU
		Release|Any CPU = Release|Any CPU
	EndGlobalSection
	GlobalSection(ProjectConfigurationPlatforms) = postSolution
		{33936DE3-39B9-41F5-B912-93645EE7EABA}.Debug|Any CPU.ActiveCfg = Debug|Any CPU
		{33936DE3-39B9-41F5-B912-93645EE7EABA}.Debug|Any CPU.Build.0 = Debug|Any CPU
		{33936DE3-39B9-41F5-B912-93645EE7EABA}.Release|Any CPU.ActiveCfg = Release|Any CPU
		{33936DE3-39B9-41F5-B912-93645EE7EABA}.Release|Any CPU.Build.0 = Release|Any CPU
	EndGlobalSection
	GlobalSection(SolutionProperties) = preSolution
		HideSolutionNode = FALSE
	EndGlobalSection
	GlobalSection(ExtensibilityGlobals) = postSolution
		SolutionGuid = {17603CAE-D896-4938-90D5-F4E9594A68DB}
	EndGlobalSection
EndGlobal
